
Microsoft Visual Studio Solution File, Format Version 9.00
# Visual Studio 2005
Project("{8BC9CEB8-8B4A-11D0-8D11-00A0C91BC942}") = "MeshViewer", "MeshViewer.vcproj", "{77C61A43-4D72-472E-BE96-60FEB2B4E9FA}"
	ProjectSection(ProjectDependencies) = postProject
		{05AFFD1E-843B-4953-9998-B3D17861B561} = {05AFFD1E-843B-4953-9998-B3D17861B561}
	EndProjectSection
EndProject
Project("{8BC9CEB8-8B4A-11D0-8D11-00A0C91BC942}") = "Tubras", "..\..\builds\win32\msvc8\Tubras.vcproj", "{05AFFD1E-843B-4953-9998-B3D17861B561}"
EndProject
Global
	GlobalSection(SolutionConfigurationPlatforms) = preSolution
		Debug|Win32 = Debug|Win32
		Release|Win32 = Release|Win32
	EndGlobalSection
	GlobalSection(ProjectConfigurationPlatforms) = postSolution
		{77C61A43-4D72-472E-BE96-60FEB2B4E9FA}.Debug|Win32.ActiveCfg = Debug|Win32
		{77C61A43-4D72-472E-BE96-60FEB2B4E9FA}.Debug|Win32.Build.0 = Debug|Win32
		{77C61A43-4D72-472E-BE96-60FEB2B4E9FA}.Release|Win32.ActiveCfg = Release|Win32
		{77C61A43-4D72-472E-BE96-60FEB2B4E9FA}.Release|Win32.Build.0 = Release|Win32
		{05AFFD1E-843B-4953-9998-B3D17861B561}.Debug|Win32.ActiveCfg = Debug|Win32
		{05AFFD1E-843B-4953-9998-B3D17861B561}.Debug|Win32.Build.0 = Debug|Win32
		{05AFFD1E-843B-4953-9998-B3D17861B561}.Release|Win32.ActiveCfg = Release|Win32
		{05AFFD1E-843B-4953-9998-B3D17861B561}.Release|Win32.Build.0 = Release|Win32
	EndGlobalSection
	GlobalSection(SolutionProperties) = preSolution
		HideSolutionNode = FALSE
	EndGlobalSection
EndGlobal
