
Microsoft Visual Studio Solution File, Format Version 10.00
# Visual Studio 2008
Project("{8BC9CEB8-8B4A-11D0-8D11-00A0C91BC942}") = "iphysics", "iphysics.vcproj", "{6D98DCAF-6F5E-4044-8E9D-E5265FB64365}"
EndProject
Global
	GlobalSection(SolutionConfigurationPlatforms) = preSolution
		Debug|Win32 = Debug|Win32
		Release|Win32 = Release|Win32
	EndGlobalSection
	GlobalSection(ProjectConfigurationPlatforms) = postSolution
		{6D98DCAF-6F5E-4044-8E9D-E5265FB64365}.Debug|Win32.ActiveCfg = Debug|Win32
		{6D98DCAF-6F5E-4044-8E9D-E5265FB64365}.Debug|Win32.Build.0 = Debug|Win32
		{6D98DCAF-6F5E-4044-8E9D-E5265FB64365}.Release|Win32.ActiveCfg = Release|Win32
		{6D98DCAF-6F5E-4044-8E9D-E5265FB64365}.Release|Win32.Build.0 = Release|Win32
	EndGlobalSection
	GlobalSection(SolutionProperties) = preSolution
		HideSolutionNode = FALSE
	EndGlobalSection
EndGlobal
