
Microsoft Visual Studio Solution File, Format Version 9.00
# Visual Studio 2005
Project("{8BC9CEB8-8B4A-11D0-8D11-00A0C91BC942}") = "islcheck", "islcheck.vcproj", "{6AA57F51-B511-4820-BB03-4858B07AFA19}"
	ProjectSection(ProjectDependencies) = postProject
		{464E5874-49A6-4CA3-88DC-4F9337775C26} = {464E5874-49A6-4CA3-88DC-4F9337775C26}
	EndProjectSection
EndProject
Project("{8BC9CEB8-8B4A-11D0-8D11-00A0C91BC942}") = "libCISL", "..\..\builds\vc8\libCISL.vcproj", "{464E5874-49A6-4CA3-88DC-4F9337775C26}"
EndProject
Global
	GlobalSection(SolutionConfigurationPlatforms) = preSolution
		Debug|Win32 = Debug|Win32
		Release|Win32 = Release|Win32
	EndGlobalSection
	GlobalSection(ProjectConfigurationPlatforms) = postSolution
		{6AA57F51-B511-4820-BB03-4858B07AFA19}.Debug|Win32.ActiveCfg = Debug|Win32
		{6AA57F51-B511-4820-BB03-4858B07AFA19}.Debug|Win32.Build.0 = Debug|Win32
		{6AA57F51-B511-4820-BB03-4858B07AFA19}.Release|Win32.ActiveCfg = Release|Win32
		{6AA57F51-B511-4820-BB03-4858B07AFA19}.Release|Win32.Build.0 = Release|Win32
		{464E5874-49A6-4CA3-88DC-4F9337775C26}.Debug|Win32.ActiveCfg = Debug|Win32
		{464E5874-49A6-4CA3-88DC-4F9337775C26}.Debug|Win32.Build.0 = Debug|Win32
		{464E5874-49A6-4CA3-88DC-4F9337775C26}.Release|Win32.ActiveCfg = Release|Win32
		{464E5874-49A6-4CA3-88DC-4F9337775C26}.Release|Win32.Build.0 = Release|Win32
	EndGlobalSection
	GlobalSection(SolutionProperties) = preSolution
		HideSolutionNode = FALSE
	EndGlobalSection
EndGlobal
