
Microsoft Visual Studio Solution File, Format Version 10.00
# Visual Studio 2008
Project("{8BC9CEB8-8B4A-11D0-8D11-00A0C91BC942}") = "irrbPhysics", "irrbPhysics.vcproj", "{96631B7D-C122-469F-9BE2-D636AC71B9F5}"
EndProject
Global
	GlobalSection(SolutionConfigurationPlatforms) = preSolution
		Debug|Win32 = Debug|Win32
		Release|Win32 = Release|Win32
	EndGlobalSection
	GlobalSection(ProjectConfigurationPlatforms) = postSolution
		{96631B7D-C122-469F-9BE2-D636AC71B9F5}.Debug|Win32.ActiveCfg = Debug|Win32
		{96631B7D-C122-469F-9BE2-D636AC71B9F5}.Debug|Win32.Build.0 = Debug|Win32
		{96631B7D-C122-469F-9BE2-D636AC71B9F5}.Release|Win32.ActiveCfg = Release|Win32
		{96631B7D-C122-469F-9BE2-D636AC71B9F5}.Release|Win32.Build.0 = Release|Win32
	EndGlobalSection
	GlobalSection(SolutionProperties) = preSolution
		HideSolutionNode = FALSE
	EndGlobalSection
EndGlobal
