
Microsoft Visual Studio Solution File, Format Version 10.00
# Visual Studio 2008
Project("{8BC9CEB8-8B4A-11D0-8D11-00A0C91BC942}") = "lslcheck", "lslcheck.vcproj", "{1A503BBB-5E05-41FD-A738-0E2ADABAD263}"
	ProjectSection(ProjectDependencies) = postProject
		{8B72C381-FED6-44F0-B553-3A6F05356C05} = {8B72C381-FED6-44F0-B553-3A6F05356C05}
	EndProjectSection
EndProject
Project("{8BC9CEB8-8B4A-11D0-8D11-00A0C91BC942}") = "libCLSL", "..\..\builds\vc8\libCLSL.vcproj", "{8B72C381-FED6-44F0-B553-3A6F05356C05}"
EndProject
Global
	GlobalSection(SolutionConfigurationPlatforms) = preSolution
		Debug|Win32 = Debug|Win32
		Release|Win32 = Release|Win32
	EndGlobalSection
	GlobalSection(ProjectConfigurationPlatforms) = postSolution
		{1A503BBB-5E05-41FD-A738-0E2ADABAD263}.Debug|Win32.ActiveCfg = Debug|Win32
		{1A503BBB-5E05-41FD-A738-0E2ADABAD263}.Debug|Win32.Build.0 = Debug|Win32
		{1A503BBB-5E05-41FD-A738-0E2ADABAD263}.Release|Win32.ActiveCfg = Release|Win32
		{1A503BBB-5E05-41FD-A738-0E2ADABAD263}.Release|Win32.Build.0 = Release|Win32
		{8B72C381-FED6-44F0-B553-3A6F05356C05}.Debug|Win32.ActiveCfg = Debug|Win32
		{8B72C381-FED6-44F0-B553-3A6F05356C05}.Debug|Win32.Build.0 = Debug|Win32
		{8B72C381-FED6-44F0-B553-3A6F05356C05}.Release|Win32.ActiveCfg = Release|Win32
		{8B72C381-FED6-44F0-B553-3A6F05356C05}.Release|Win32.Build.0 = Release|Win32
	EndGlobalSection
	GlobalSection(SolutionProperties) = preSolution
		HideSolutionNode = FALSE
	EndGlobalSection
EndGlobal
