
Microsoft Visual Studio Solution File, Format Version 9.00
# Visual Studio 2005
Project("{8BC9CEB8-8B4A-11D0-8D11-00A0C91BC942}") = "libCLSL", "libCLSL.vcproj", "{8B72C381-FED6-44F0-B553-3A6F05356C05}"
EndProject
Project("{8BC9CEB8-8B4A-11D0-8D11-00A0C91BC942}") = "libCISL", "..\..\..\isl\builds\vc8\libCISL.vcproj", "{464E5874-49A6-4CA3-88DC-4F9337775C26}"
EndProject
Global
	GlobalSection(SolutionConfigurationPlatforms) = preSolution
		Debug|Win32 = Debug|Win32
		Release|Win32 = Release|Win32
	EndGlobalSection
	GlobalSection(ProjectConfigurationPlatforms) = postSolution
		{8B72C381-FED6-44F0-B553-3A6F05356C05}.Debug|Win32.ActiveCfg = Debug|Win32
		{8B72C381-FED6-44F0-B553-3A6F05356C05}.Debug|Win32.Build.0 = Debug|Win32
		{8B72C381-FED6-44F0-B553-3A6F05356C05}.Release|Win32.ActiveCfg = Release|Win32
		{8B72C381-FED6-44F0-B553-3A6F05356C05}.Release|Win32.Build.0 = Release|Win32
		{464E5874-49A6-4CA3-88DC-4F9337775C26}.Debug|Win32.ActiveCfg = Debug|Win32
		{464E5874-49A6-4CA3-88DC-4F9337775C26}.Debug|Win32.Build.0 = Debug|Win32
		{464E5874-49A6-4CA3-88DC-4F9337775C26}.Release|Win32.ActiveCfg = Release|Win32
		{464E5874-49A6-4CA3-88DC-4F9337775C26}.Release|Win32.Build.0 = Release|Win32
	EndGlobalSection
	GlobalSection(SolutionProperties) = preSolution
		HideSolutionNode = FALSE
	EndGlobalSection
EndGlobal
